
Microsoft Visual Studio Solution File, Format Version 12.00
Project("{FAE04EC0-301F-11D3-BF4B-00C04F79EFBC}") = "SVServer", "SVServer\SVServer.csproj", "{F23569EF-A46C-474E-8F6B-CEB64AB5974F}"
EndProject
Project("{FAE04EC0-301F-11D3-BF4B-00C04F79EFBC}") = "SVCommon", "SVCommon\SVCommon\SVCommon.csproj", "{A1768FA5-43BE-4868-814B-21BF8D197418}"
EndProject
Project("{FAE04EC0-301F-11D3-BF4B-00C04F79EFBC}") = "Yggdrasil", "Yggdrasil\Yggdrasil\Yggdrasil.csproj", "{B40241F8-AE7B-43A2-991A-152D4386D912}"
EndProject
Project("{2150E333-8FDC-42A3-9474-1A3956D46DE8}") = "Solution Items", "Solution Items", "{21326AD7-482F-4D7D-B0D7-1C2CA4E6D542}"
	ProjectSection(SolutionItems) = preProject
		docker-compose.yml = docker-compose.yml
	EndProjectSection
EndProject
Global
	GlobalSection(SolutionConfigurationPlatforms) = preSolution
		Debug|Any CPU = Debug|Any CPU
		Release|Any CPU = Release|Any CPU
	EndGlobalSection
	GlobalSection(ProjectConfigurationPlatforms) = postSolution
		{F23569EF-A46C-474E-8F6B-CEB64AB5974F}.Debug|Any CPU.ActiveCfg = Debug|Any CPU
		{F23569EF-A46C-474E-8F6B-CEB64AB5974F}.Debug|Any CPU.Build.0 = Debug|Any CPU
		{F23569EF-A46C-474E-8F6B-CEB64AB5974F}.Release|Any CPU.ActiveCfg = Release|Any CPU
		{F23569EF-A46C-474E-8F6B-CEB64AB5974F}.Release|Any CPU.Build.0 = Release|Any CPU
		{A1768FA5-43BE-4868-814B-21BF8D197418}.Debug|Any CPU.ActiveCfg = Debug|Any CPU
		{A1768FA5-43BE-4868-814B-21BF8D197418}.Debug|Any CPU.Build.0 = Debug|Any CPU
		{A1768FA5-43BE-4868-814B-21BF8D197418}.Release|Any CPU.ActiveCfg = Release|Any CPU
		{A1768FA5-43BE-4868-814B-21BF8D197418}.Release|Any CPU.Build.0 = Release|Any CPU
		{B40241F8-AE7B-43A2-991A-152D4386D912}.Debug|Any CPU.ActiveCfg = Debug|Any CPU
		{B40241F8-AE7B-43A2-991A-152D4386D912}.Debug|Any CPU.Build.0 = Debug|Any CPU
		{B40241F8-AE7B-43A2-991A-152D4386D912}.Release|Any CPU.ActiveCfg = Release|Any CPU
		{B40241F8-AE7B-43A2-991A-152D4386D912}.Release|Any CPU.Build.0 = Release|Any CPU
	EndGlobalSection
EndGlobal
